{
  "name": "@imgcook/dsl-template",
  "requires": true,
  "lockfileVersion": 1,
  "dependencies": {
    "@imgcook/dsl-css-processor": {
      "version": "0.0.1",
      "resolved": "https://registry.nlark.com/@imgcook/dsl-css-processor/download/@imgcook/dsl-css-processor-0.0.1.tgz",
      "integrity": "sha1-NBoOScKNIjuoHJ1LPLLZRpGZ3qQ=",
      "dev": true,
      "requires": {
        "mdn-data": "^2.0.0"
      }
    },
    "@imgcook/dsl-helper": {
      "version": "0.0.1",
      "resolved": "https://registry.nlark.com/@imgcook/dsl-helper/download/@imgcook/dsl-helper-0.0.1.tgz",
      "integrity": "sha1-/AsG4zNYwRBuzQaaHeB0HdXYHbg=",
      "dev": true,
      "requires": {
        "@imgcook/dsl-css-processor": "^0.0.1",
        "acorn": "^6.1.1",
        "acorn-jsx": "^5.0.1",
        "escodegen": "^1.11.1",
        "lodash": "^4.17.11"
      }
    },
    "acorn": {
      "version": "6.4.2",
      "resolved": "https://registry.nlark.com/acorn/download/acorn-6.4.2.tgz?cache=0&sync_timestamp=1624526855420&other_urls=https%3A%2F%2Fregistry.nlark.com%2Facorn%2Fdownload%2Facorn-6.4.2.tgz",
      "integrity": "sha1-NYZv1xBSjpLeEM8GAWSY5H454eY=",
      "dev": true
    },
    "acorn-jsx": {
      "version": "5.3.1",
      "resolved": "https://registry.npm.taobao.org/acorn-jsx/download/acorn-jsx-5.3.1.tgz?cache=0&sync_timestamp=1599546317194&other_urls=https%3A%2F%2Fregistry.npm.taobao.org%2Facorn-jsx%2Fdownload%2Facorn-jsx-5.3.1.tgz",
      "integrity": "sha1-/IZh4Rt6wVOcR9v+oucrOvNNJns=",
      "dev": true
    },
    "co": {
      "version": "4.6.0",
      "resolved": "https://registry.npm.taobao.org/co/download/co-4.6.0.tgz",
      "integrity": "sha1-bqa989hTrlTMuOR7+gvz+QMfsYQ=",
      "dev": true
    },
    "deep-is": {
      "version": "0.1.3",
      "resolved": "https://registry.npm.taobao.org/deep-is/download/deep-is-0.1.3.tgz",
      "integrity": "sha1-s2nW+128E+7PUk+RsHD+7cNXzzQ=",
      "dev": true
    },
    "escape-html": {
      "version": "1.0.3",
      "resolved": "https://registry.npm.taobao.org/escape-html/download/escape-html-1.0.3.tgz",
      "integrity": "sha1-Aljq5NPQwJdN4cFpGI7wBR0dGYg=",
      "dev": true
    },
    "escodegen": {
      "version": "1.14.3",
      "resolved": "https://registry.npm.taobao.org/escodegen/download/escodegen-1.14.3.tgz",
      "integrity": "sha1-TnuB+6YVgdyXWC7XjKt/Do1j9QM=",
      "dev": true,
      "requires": {
        "esprima": "^4.0.1",
        "estraverse": "^4.2.0",
        "esutils": "^2.0.2",
        "optionator": "^0.8.1",
        "source-map": "~0.6.1"
      }
    },
    "esprima": {
      "version": "4.0.1",
      "resolved": "https://registry.npm.taobao.org/esprima/download/esprima-4.0.1.tgz",
      "integrity": "sha1-E7BM2z5sXRnfkatph6hpVhmwqnE=",
      "dev": true
    },
    "estraverse": {
      "version": "4.3.0",
      "resolved": "https://registry.npm.taobao.org/estraverse/download/estraverse-4.3.0.tgz",
      "integrity": "sha1-OYrT88WiSUi+dyXoPRGn3ijNvR0=",
      "dev": true
    },
    "esutils": {
      "version": "2.0.3",
      "resolved": "https://registry.npm.taobao.org/esutils/download/esutils-2.0.3.tgz",
      "integrity": "sha1-dNLrTeC42hKTcRkQ1Qd1ubcQ72Q=",
      "dev": true
    },
    "fast-levenshtein": {
      "version": "2.0.6",
      "resolved": "https://registry.npm.taobao.org/fast-levenshtein/download/fast-levenshtein-2.0.6.tgz?cache=0&sync_timestamp=1605292839055&other_urls=https%3A%2F%2Fregistry.npm.taobao.org%2Ffast-levenshtein%2Fdownload%2Ffast-levenshtein-2.0.6.tgz",
      "integrity": "sha1-PYpcZog6FqMMqGQ+hR8Zuqd5eRc=",
      "dev": true
    },
    "fs-extra": {
      "version": "8.1.0",
      "resolved": "https://registry.nlark.com/fs-extra/download/fs-extra-8.1.0.tgz",
      "integrity": "sha1-SdQ8RaiM2Wd2aMt74bRu/bjS4cA=",
      "dev": true,
      "requires": {
        "graceful-fs": "^4.2.0",
        "jsonfile": "^4.0.0",
        "universalify": "^0.1.0"
      }
    },
    "graceful-fs": {
      "version": "4.2.6",
      "resolved": "https://registry.npm.taobao.org/graceful-fs/download/graceful-fs-4.2.6.tgz",
      "integrity": "sha1-/wQLKwhTsjw9MQJ1I3BvGIXXa+4=",
      "dev": true
    },
    "jsonfile": {
      "version": "4.0.0",
      "resolved": "https://registry.npm.taobao.org/jsonfile/download/jsonfile-4.0.0.tgz?cache=0&sync_timestamp=1604161844511&other_urls=https%3A%2F%2Fregistry.npm.taobao.org%2Fjsonfile%2Fdownload%2Fjsonfile-4.0.0.tgz",
      "integrity": "sha1-h3Gq4HmbZAdrdmQPygWPnBDjPss=",
      "dev": true,
      "requires": {
        "graceful-fs": "^4.1.6"
      }
    },
    "levn": {
      "version": "0.3.0",
      "resolved": "https://registry.npm.taobao.org/levn/download/levn-0.3.0.tgz",
      "integrity": "sha1-OwmSTt+fCDwEkP3UwLxEIeBHZO4=",
      "dev": true,
      "requires": {
        "prelude-ls": "~1.1.2",
        "type-check": "~0.3.2"
      }
    },
    "lodash": {
      "version": "4.17.21",
      "resolved": "https://registry.npm.taobao.org/lodash/download/lodash-4.17.21.tgz?cache=0&sync_timestamp=1613835860585&other_urls=https%3A%2F%2Fregistry.npm.taobao.org%2Flodash%2Fdownload%2Flodash-4.17.21.tgz",
      "integrity": "sha1-Z5WRxWTDv/quhFTPCz3zcMPWkRw=",
      "dev": true
    },
    "mdn-data": {
      "version": "2.0.19",
      "resolved": "https://registry.nlark.com/mdn-data/download/mdn-data-2.0.19.tgz",
      "integrity": "sha1-rVzXcWQP7WPlLHC23xrdjVvvbUc=",
      "dev": true
    },
    "optionator": {
      "version": "0.8.3",
      "resolved": "https://registry.npm.taobao.org/optionator/download/optionator-0.8.3.tgz",
      "integrity": "sha1-hPodA2/p08fiHZmIS2ARZ+yPtJU=",
      "dev": true,
      "requires": {
        "deep-is": "~0.1.3",
        "fast-levenshtein": "~2.0.6",
        "levn": "~0.3.0",
        "prelude-ls": "~1.1.2",
        "type-check": "~0.3.2",
        "word-wrap": "~1.2.3"
      }
    },
    "prelude-ls": {
      "version": "1.1.2",
      "resolved": "https://registry.npm.taobao.org/prelude-ls/download/prelude-ls-1.1.2.tgz",
      "integrity": "sha1-IZMqVJ9eUv/ZqCf1cOBL5iqX2lQ=",
      "dev": true
    },
    "prettier": {
      "version": "1.19.1",
      "resolved": "https://registry.nlark.com/prettier/download/prettier-1.19.1.tgz?cache=0&sync_timestamp=1624696193562&other_urls=https%3A%2F%2Fregistry.nlark.com%2Fprettier%2Fdownload%2Fprettier-1.19.1.tgz",
      "integrity": "sha1-99f1/4qc2HKnvkyhQglZVqYHl8s=",
      "dev": true
    },
    "repeat-string": {
      "version": "1.6.1",
      "resolved": "https://registry.npm.taobao.org/repeat-string/download/repeat-string-1.6.1.tgz",
      "integrity": "sha1-jcrkcOHIirwtYA//Sndihtp15jc=",
      "dev": true
    },
    "source-map": {
      "version": "0.6.1",
      "resolved": "https://registry.npm.taobao.org/source-map/download/source-map-0.6.1.tgz",
      "integrity": "sha1-dHIq8y6WFOnCh6jQu95IteLxomM=",
      "dev": true,
      "optional": true
    },
    "thunkify": {
      "version": "2.1.2",
      "resolved": "https://registry.npm.taobao.org/thunkify/download/thunkify-2.1.2.tgz",
      "integrity": "sha1-+qDp0jDFGsyVyhOjYawFyn4EVT0=",
      "dev": true
    },
    "type-check": {
      "version": "0.3.2",
      "resolved": "https://registry.npm.taobao.org/type-check/download/type-check-0.3.2.tgz",
      "integrity": "sha1-WITKtRLPHTVeP7eE8wgEsrUg23I=",
      "dev": true,
      "requires": {
        "prelude-ls": "~1.1.2"
      }
    },
    "universalify": {
      "version": "0.1.2",
      "resolved": "https://registry.npm.taobao.org/universalify/download/universalify-0.1.2.tgz?cache=0&sync_timestamp=1603180042770&other_urls=https%3A%2F%2Fregistry.npm.taobao.org%2Funiversalify%2Fdownload%2Funiversalify-0.1.2.tgz",
      "integrity": "sha1-tkb2m+OULavOzJ1mOcgNwQXvqmY=",
      "dev": true
    },
    "vm2": {
      "version": "3.9.3",
      "resolved": "https://registry.npm.taobao.org/vm2/download/vm2-3.9.3.tgz",
      "integrity": "sha1-KZF/bMCBzEOj9YDCbFtVP9PJH0A=",
      "dev": true
    },
    "word-wrap": {
      "version": "1.2.3",
      "resolved": "https://registry.npm.taobao.org/word-wrap/download/word-wrap-1.2.3.tgz",
      "integrity": "sha1-YQY29rH3A4kb00dxzLF/uTtHB5w=",
      "dev": true
    },
    "xml-beautifier": {
      "version": "0.4.3",
      "resolved": "https://registry.nlark.com/xml-beautifier/download/xml-beautifier-0.4.3.tgz",
      "integrity": "sha1-LV4yDhm/cKxzQ8ARNaH5nfCLTDc=",
      "dev": true,
      "requires": {
        "repeat-string": "1.6.1"
      }
    },
    "xtemplate": {
      "version": "4.7.2",
      "resolved": "https://registry.npm.taobao.org/xtemplate/download/xtemplate-4.7.2.tgz",
      "integrity": "sha1-kNBRQORb8+hB07UpUCF0qs/k6GI=",
      "dev": true,
      "requires": {
        "escape-html": "~1.0.3"
      }
    },
    "xtpl": {
      "version": "3.4.2",
      "resolved": "https://registry.npm.taobao.org/xtpl/download/xtpl-3.4.2.tgz",
      "integrity": "sha1-xBd1DJHcSXi5SSQqi8F/nM8dMTU=",
      "dev": true
    }
  }
}
